
Microsoft Visual Studio Solution File, Format Version 12.00
# Visual Studio Version 17
VisualStudioVersion = 17.8.34309.116
MinimumVisualStudioVersion = 10.0.40219.1
Project("{9A19103F-16F7-4668-BE54-9A1E7A4F7556}") = "PokemonReviewApp", "PokemonReviewApp\PokemonReviewApp.csproj", "{6A792914-24F7-4542-9B6D-BD412849B93D}"
EndProject
Global
	GlobalSection(SolutionConfigurationPlatforms) = preSolution
		Debug|Any CPU = Debug|Any CPU
		Release|Any CPU = Release|Any CPU
	EndGlobalSection
	GlobalSection(ProjectConfigurationPlatforms) = postSolution
		{6A792914-24F7-4542-9B6D-BD412849B93D}.Debug|Any CPU.ActiveCfg = Debug|Any CPU
		{6A792914-24F7-4542-9B6D-BD412849B93D}.Debug|Any CPU.Build.0 = Debug|Any CPU
		{6A792914-24F7-4542-9B6D-BD412849B93D}.Release|Any CPU.ActiveCfg = Release|Any CPU
		{6A792914-24F7-4542-9B6D-BD412849B93D}.Release|Any CPU.Build.0 = Release|Any CPU
	EndGlobalSection
	GlobalSection(SolutionProperties) = preSolution
		HideSolutionNode = FALSE
	EndGlobalSection
	GlobalSection(ExtensibilityGlobals) = postSolution
		SolutionGuid = {8A7B1B0E-2F1C-4B52-A7E7-66DCCDE7E4ED}
	EndGlobalSection
EndGlobal
